{
  "version": 4,
  "terraform_version": "0.12.24",
  "serial": 21,
  "lineage": "01038ceb-7ea0-dceb-3914-3b0c733d11a0",
  "outputs": {
    "client_certificate": {
      "value": "",
      "type": "string"
    },
    "client_key": {
      "value": "",
      "type": "string",
      "sensitive": true
    },
    "cluster_ca_certificate": {
      "value": "-----BEGIN CERTIFICATE-----\nMIIDDDCCAfSgAwIBAgIRANkJy7/3Z4c4cJpHz76kFd8wDQYJKoZIhvcNAQELBQAw\nLzEtMCsGA1UEAxMkMTNmMTg2MDktYjQ1MS00ZDBhLWE3NDAtMmUwNGU2MjZmNTFl\nMB4XDTIwMDYyMTE1Mzg0OVoXDTI1MDYyMDE2Mzg0OVowLzEtMCsGA1UEAxMkMTNm\nMTg2MDktYjQ1MS00ZDBhLWE3NDAtMmUwNGU2MjZmNTFlMIIBIjANBgkqhkiG9w0B\nAQEFAAOCAQ8AMIIBCgKCAQEAswBo7h8GvBDzPs3RuLYXZj03fYc4cSq37gZOmpeT\nL7q9vAy+dtwLOEde9NGr/nn85OEk6jHf2qUfUj0W6crIWPRjOGQC0GVaBGLMYsjG\nG4no6RfTvaaSB0q7SlFbcAanVZc1rGq7sg1anRMTehciFl4P7x3WneXsGEh0PWr0\nH4Dwj2fRVGYefzMryf77jVhGwHS1y9o/d/vi0zCid+MDTZ28G4qEX/vxbCTRbXMu\n14/Mlfj/J9kDU6vKPPSD3gvQQddGLLNMA2PwttCOjOvN5v1LRIzTHoeaX676Sat6\nP1fQ38Yi97/EV94TE7oUsUG42kY4Ik7TtIZvjNE4S6eXMwIDAQABoyMwITAOBgNV\nHQ8BAf8EBAMCAgQwDwYDVR0TAQH/BAUwAwEB/zANBgkqhkiG9w0BAQsFAAOCAQEA\neIiMeijS6gGa538bE3s8YzLDYQygKRJogLO72pCjVotWTkZ1ka5/nShZbunCEQUE\nEEyAqSe/91piVzoFGFcAosWLXvfx+JmuV/JigWJa9rAxjgmRZH0/Sn699wD67m2a\n5QmGZprHXgaaBGLf6yTEjN9B3dccr3Y7S9iEniD/nEUPq63rZCPYUiounYfTS8uz\n3GcXrkd+qWTiDCPqZjouqGzJyAoJRXU9PQ7Ua/effelvoDxC/DVwvTWoTweSbuKY\nwQR2xco9UfYZNIIq9dFeQnupfw8/m4FjGWR6kQTb5+G67LobWrc7kVrCwY0ByNln\ngjkC80K4hOUFW2aDlIZ+XA==\n-----END CERTIFICATE-----\n",
      "type": "string",
      "sensitive": true
    },
    "cluster_endpoint": {
      "value": "35.189.75.132",
      "type": "string",
      "sensitive": true
    }
  },
  "resources": [
    {
      "module": "module.vpc_network.module.network_firewall",
      "mode": "data",
      "type": "google_compute_subnetwork",
      "name": "private_subnetwork",
      "provider": "provider.google",
      "instances": [
        {
          "schema_version": 0,
          "attributes": {
            "description": "",
            "gateway_address": "10.3.16.1",
            "id": "europe-west2/example-private-cluster-network-ys0q-subnetwork-private",
            "ip_cidr_range": "10.3.16.0/20",
            "name": null,
            "network": "https://www.googleapis.com/compute/v1/projects/fast-planet-243821/global/networks/example-private-cluster-network-ys0q-network",
            "private_ip_google_access": true,
            "project": "fast-planet-243821",
            "region": "europe-west2",
            "secondary_ip_range": [
              {
                "ip_cidr_range": "10.4.16.0/20",
                "range_name": "private-services"
              }
            ],
            "self_link": "https://www.googleapis.com/compute/v1/projects/fast-planet-243821/regions/europe-west2/subnetworks/example-private-cluster-network-ys0q-subnetwork-private"
          }
        }
      ]
    },
    {
      "module": "module.vpc_network.module.network_firewall",
      "mode": "data",
      "type": "google_compute_subnetwork",
      "name": "public_subnetwork",
      "provider": "provider.google",
      "instances": [
        {
          "schema_version": 0,
          "attributes": {
            "description": "",
            "gateway_address": "10.3.0.1",
            "id": "europe-west2/example-private-cluster-network-ys0q-subnetwork-public",
            "ip_cidr_range": "10.3.0.0/20",
            "name": null,
            "network": "https://www.googleapis.com/compute/v1/projects/fast-planet-243821/global/networks/example-private-cluster-network-ys0q-network",
            "private_ip_google_access": true,
            "project": "fast-planet-243821",
            "region": "europe-west2",
            "secondary_ip_range": [
              {
                "ip_cidr_range": "10.4.0.0/20",
                "range_name": "public-services"
              }
            ],
            "self_link": "https://www.googleapis.com/compute/v1/projects/fast-planet-243821/regions/europe-west2/subnetworks/example-private-cluster-network-ys0q-subnetwork-public"
          }
        }
      ]
    },
    {
      "module": "module.gke_cluster",
      "mode": "data",
      "type": "google_container_engine_versions",
      "name": "location",
      "provider": "provider.google",
      "instances": [
        {
          "schema_version": 0,
          "attributes": {
            "default_cluster_version": "1.14.10-gke.36",
            "id": "2020-06-21 16:38:42.4194456 +0000 UTC",
            "latest_master_version": "1.16.9-gke.6",
            "latest_node_version": "1.16.9-gke.6",
            "location": "europe-west2",
            "project": "fast-planet-243821",
            "region": null,
            "valid_master_versions": [
              "1.16.9-gke.6",
              "1.16.9-gke.2",
              "1.16.8-gke.15",
              "1.15.12-gke.2",
              "1.15.11-gke.17",
              "1.15.11-gke.15",
              "1.15.11-gke.13",
              "1.15.9-gke.24",
              "1.14.10-gke.41",
              "1.14.10-gke.40",
              "1.14.10-gke.37",
              "1.14.10-gke.36"
            ],
            "valid_node_versions": [
              "1.16.9-gke.6",
              "1.16.9-gke.2",
              "1.16.8-gke.15",
              "1.16.8-gke.12",
              "1.16.8-gke.9",
              "1.15.12-gke.2",
              "1.15.11-gke.17",
              "1.15.11-gke.15",
              "1.15.11-gke.13",
              "1.15.11-gke.12",
              "1.15.11-gke.11",
              "1.15.11-gke.9",
              "1.15.11-gke.5",
              "1.15.11-gke.3",
              "1.15.11-gke.1",
              "1.15.9-gke.26",
              "1.15.9-gke.24",
              "1.15.9-gke.22",
              "1.15.9-gke.12",
              "1.15.9-gke.9",
              "1.15.9-gke.8",
              "1.15.8-gke.3",
              "1.15.8-gke.2",
              "1.15.7-gke.23",
              "1.15.7-gke.2",
              "1.15.4-gke.22",
              "1.14.10-gke.41",
              "1.14.10-gke.40",
              "1.14.10-gke.37",
              "1.14.10-gke.36",
              "1.14.10-gke.34",
              "1.14.10-gke.32",
              "1.14.10-gke.31",
              "1.14.10-gke.27",
              "1.14.10-gke.24",
              "1.14.10-gke.22",
              "1.14.10-gke.21",
              "1.14.10-gke.17",
              "1.14.10-gke.0",
              "1.14.9-gke.23",
              "1.14.9-gke.2",
              "1.14.9-gke.0",
              "1.14.8-gke.33",
              "1.14.8-gke.21",
              "1.14.8-gke.18",
              "1.14.8-gke.17",
              "1.14.8-gke.14",
              "1.14.8-gke.12",
              "1.14.8-gke.7",
              "1.14.8-gke.2",
              "1.14.7-gke.40",
              "1.14.7-gke.25",
              "1.14.7-gke.23",
              "1.14.7-gke.17",
              "1.14.7-gke.14",
              "1.14.7-gke.10",
              "1.14.6-gke.13",
              "1.14.6-gke.2",
              "1.14.6-gke.1",
              "1.14.3-gke.11",
              "1.14.3-gke.10",
              "1.14.3-gke.9",
              "1.14.2-gke.9",
              "1.14.1-gke.5",
              "1.13.12-gke.30",
              "1.13.12-gke.25",
              "1.13.12-gke.17",
              "1.13.12-gke.16",
              "1.13.12-gke.14",
              "1.13.12-gke.13",
              "1.13.12-gke.10",
              "1.13.12-gke.8",
              "1.13.12-gke.4",
              "1.13.12-gke.2",
              "1.13.11-gke.23",
              "1.13.11-gke.15",
              "1.13.11-gke.14",
              "1.13.11-gke.12",
              "1.13.11-gke.11",
              "1.13.11-gke.9",
              "1.13.11-gke.5",
              "1.13.10-gke.7",
              "1.13.10-gke.0",
              "1.13.9-gke.11",
              "1.13.9-gke.3",
              "1.13.7-gke.24",
              "1.13.7-gke.19",
              "1.13.7-gke.15",
              "1.13.7-gke.8",
              "1.13.7-gke.0",
              "1.13.6-gke.13",
              "1.13.6-gke.6",
              "1.13.6-gke.5",
              "1.13.6-gke.0",
              "1.13.5-gke.10",
              "1.12.10-gke.22",
              "1.12.10-gke.20",
              "1.12.10-gke.19",
              "1.12.10-gke.18",
              "1.12.10-gke.17",
              "1.12.10-gke.15",
              "1.12.10-gke.13",
              "1.12.10-gke.11",
              "1.12.10-gke.5",
              "1.12.9-gke.16",
              "1.12.9-gke.15",
              "1.12.9-gke.13",
              "1.12.9-gke.10",
              "1.12.9-gke.7",
              "1.12.9-gke.3",
              "1.12.8-gke.12",
              "1.12.8-gke.10",
              "1.12.8-gke.7",
              "1.12.8-gke.6",
              "1.12.7-gke.26",
              "1.12.7-gke.25",
              "1.12.7-gke.24",
              "1.12.7-gke.22",
              "1.12.7-gke.21",
              "1.12.7-gke.17",
              "1.12.7-gke.10",
              "1.12.7-gke.7",
              "1.12.6-gke.11",
              "1.12.6-gke.10",
              "1.12.6-gke.7",
              "1.12.5-gke.10",
              "1.12.5-gke.5",
              "1.11.10-gke.6",
              "1.11.10-gke.5",
              "1.11.10-gke.4",
              "1.11.9-gke.13",
              "1.11.9-gke.8",
              "1.11.9-gke.5",
              "1.11.8-gke.10",
              "1.11.8-gke.6",
              "1.11.8-gke.5",
              "1.11.8-gke.4",
              "1.11.7-gke.18",
              "1.11.7-gke.12",
              "1.11.7-gke.6",
              "1.11.7-gke.4",
              "1.11.6-gke.16",
              "1.11.6-gke.11",
              "1.11.6-gke.6",
              "1.11.6-gke.3",
              "1.11.6-gke.2",
              "1.11.6-gke.0",
              "1.11.5-gke.5",
              "1.11.5-gke.4",
              "1.11.4-gke.13",
              "1.11.4-gke.12",
              "1.11.4-gke.8",
              "1.11.3-gke.24",
              "1.11.3-gke.23",
              "1.11.3-gke.18",
              "1.11.2-gke.26",
              "1.11.2-gke.25",
              "1.11.2-gke.20",
              "1.11.2-gke.18",
              "1.11.2-gke.15",
              "1.11.2-gke.9",
              "1.10.12-gke.14",
              "1.10.12-gke.9",
              "1.10.12-gke.7",
              "1.10.12-gke.1",
              "1.10.12-gke.0",
              "1.10.11-gke.1",
              "1.10.9-gke.7",
              "1.10.9-gke.5",
              "1.10.9-gke.3",
              "1.10.9-gke.0",
              "1.10.7-gke.13",
              "1.10.7-gke.11",
              "1.10.7-gke.9",
              "1.10.7-gke.6",
              "1.10.7-gke.2",
              "1.10.7-gke.1",
              "1.10.6-gke.13",
              "1.10.6-gke.11",
              "1.10.6-gke.9",
              "1.10.6-gke.6",
              "1.10.6-gke.4",
              "1.10.6-gke.3",
              "1.10.6-gke.2",
              "1.10.6-gke.1",
              "1.10.5-gke.4",
              "1.10.5-gke.3",
              "1.10.5-gke.2",
              "1.10.5-gke.0",
              "1.10.4-gke.3",
              "1.10.4-gke.2",
              "1.10.4-gke.0",
              "1.10.2-gke.4",
              "1.10.2-gke.3",
              "1.10.2-gke.1",
              "1.9.7-gke.11",
              "1.9.7-gke.7",
              "1.9.7-gke.6",
              "1.9.7-gke.5",
              "1.9.7-gke.4",
              "1.9.7-gke.3",
              "1.9.7-gke.1",
              "1.9.7-gke.0",
              "1.9.6-gke.2",
              "1.9.6-gke.1",
              "1.9.3-gke.0",
              "1.8.12-gke.3",
              "1.8.12-gke.2",
              "1.8.12-gke.1",
              "1.8.12-gke.0",
              "1.8.10-gke.2",
              "1.8.10-gke.0",
              "1.8.9-gke.1",
              "1.8.8-gke.0",
              "1.7.15-gke.0",
              "1.7.12-gke.2",
              "1.6.13-gke.1"
            ],
            "version_prefix": null,
            "zone": null
          }
        }
      ]
    },
    {
      "module": "module.vpc_network.module.network_firewall",
      "mode": "managed",
      "type": "google_compute_firewall",
      "name": "private_allow_all_network_inbound",
      "provider": "provider.google",
      "instances": [
        {
          "schema_version": 1,
          "attributes": {
            "allow": [
              {
                "ports": [],
                "protocol": "all"
              }
            ],
            "creation_timestamp": "2020-06-21T09:30:46.129-07:00",
            "deny": [],
            "description": "",
            "destination_ranges": [],
            "direction": "INGRESS",
            "disabled": false,
            "id": "example-private-cluster-network-ys0q-private-allow-ingress",
            "name": "example-private-cluster-network-ys0q-private-allow-ingress",
            "network": "https://www.googleapis.com/compute/v1/projects/fast-planet-243821/global/networks/example-private-cluster-network-ys0q-network",
            "priority": 1000,
            "project": "fast-planet-243821",
            "self_link": "https://www.googleapis.com/compute/v1/projects/fast-planet-243821/global/firewalls/example-private-cluster-network-ys0q-private-allow-ingress",
            "source_ranges": [
              "10.3.0.0/20",
              "10.3.16.0/20",
              "10.4.0.0/20",
              "10.4.16.0/20"
            ],
            "source_service_accounts": [],
            "source_tags": [],
            "target_service_accounts": [],
            "target_tags": [
              "private"
            ],
            "timeouts": null
          },
          "private": "eyJlMmJmYjczMC1lY2FhLTExZTYtOGY4OC0zNDM2M2JjN2M0YzAiOnsiY3JlYXRlIjoyNDAwMDAwMDAwMDAsImRlbGV0ZSI6MjQwMDAwMDAwMDAwLCJ1cGRhdGUiOjI0MDAwMDAwMDAwMH0sInNjaGVtYV92ZXJzaW9uIjoiMSJ9",
          "dependencies": [
            "module.vpc_network.google_compute_network.vpc",
            "module.vpc_network.google_compute_subnetwork.vpc_subnetwork_private",
            "module.vpc_network.google_compute_subnetwork.vpc_subnetwork_public",
            "random_string.suffix"
          ]
        }
      ]
    },
    {
      "module": "module.vpc_network.module.network_firewall",
      "mode": "managed",
      "type": "google_compute_firewall",
      "name": "private_allow_restricted_network_inbound",
      "provider": "provider.google",
      "instances": [
        {
          "schema_version": 1,
          "attributes": {
            "allow": [
              {
                "ports": [],
                "protocol": "all"
              }
            ],
            "creation_timestamp": "2020-06-21T09:30:18.452-07:00",
            "deny": [],
            "description": "",
            "destination_ranges": [],
            "direction": "INGRESS",
            "disabled": false,
            "id": "example-private-cluster-network-ys0q-allow-restricted-inbound",
            "name": "example-private-cluster-network-ys0q-allow-restricted-inbound",
            "network": "https://www.googleapis.com/compute/v1/projects/fast-planet-243821/global/networks/example-private-cluster-network-ys0q-network",
            "priority": 1000,
            "project": "fast-planet-243821",
            "self_link": "https://www.googleapis.com/compute/v1/projects/fast-planet-243821/global/firewalls/example-private-cluster-network-ys0q-allow-restricted-inbound",
            "source_ranges": [],
            "source_service_accounts": [],
            "source_tags": [
              "private",
              "private-persistence"
            ],
            "target_service_accounts": [],
            "target_tags": [
              "private-persistence"
            ],
            "timeouts": null
          },
          "private": "eyJlMmJmYjczMC1lY2FhLTExZTYtOGY4OC0zNDM2M2JjN2M0YzAiOnsiY3JlYXRlIjoyNDAwMDAwMDAwMDAsImRlbGV0ZSI6MjQwMDAwMDAwMDAwLCJ1cGRhdGUiOjI0MDAwMDAwMDAwMH0sInNjaGVtYV92ZXJzaW9uIjoiMSJ9",
          "dependencies": [
            "module.vpc_network.google_compute_network.vpc",
            "random_string.suffix"
          ]
        }
      ]
    },
    {
      "module": "module.vpc_network.module.network_firewall",
      "mode": "managed",
      "type": "google_compute_firewall",
      "name": "public_allow_all_inbound",
      "provider": "provider.google",
      "instances": [
        {
          "schema_version": 1,
          "attributes": {
            "allow": [
              {
                "ports": [],
                "protocol": "all"
              }
            ],
            "creation_timestamp": "2020-06-21T09:30:18.200-07:00",
            "deny": [],
            "description": "",
            "destination_ranges": [],
            "direction": "INGRESS",
            "disabled": false,
            "id": "example-private-cluster-network-ys0q-public-allow-ingress",
            "name": "example-private-cluster-network-ys0q-public-allow-ingress",
            "network": "https://www.googleapis.com/compute/v1/projects/fast-planet-243821/global/networks/example-private-cluster-network-ys0q-network",
            "priority": 1000,
            "project": "fast-planet-243821",
            "self_link": "https://www.googleapis.com/compute/v1/projects/fast-planet-243821/global/firewalls/example-private-cluster-network-ys0q-public-allow-ingress",
            "source_ranges": [
              "0.0.0.0/0"
            ],
            "source_service_accounts": [],
            "source_tags": [],
            "target_service_accounts": [],
            "target_tags": [
              "public"
            ],
            "timeouts": null
          },
          "private": "eyJlMmJmYjczMC1lY2FhLTExZTYtOGY4OC0zNDM2M2JjN2M0YzAiOnsiY3JlYXRlIjoyNDAwMDAwMDAwMDAsImRlbGV0ZSI6MjQwMDAwMDAwMDAwLCJ1cGRhdGUiOjI0MDAwMDAwMDAwMH0sInNjaGVtYV92ZXJzaW9uIjoiMSJ9",
          "dependencies": [
            "module.vpc_network.google_compute_network.vpc",
            "random_string.suffix"
          ]
        }
      ]
    },
    {
      "module": "module.vpc_network",
      "mode": "managed",
      "type": "google_compute_network",
      "name": "vpc",
      "provider": "provider.google",
      "instances": [
        {
          "schema_version": 0,
          "attributes": {
            "auto_create_subnetworks": false,
            "delete_default_routes_on_create": false,
            "description": "",
            "gateway_ipv4": "",
            "id": "example-private-cluster-network-ys0q-network",
            "ipv4_range": "",
            "name": "example-private-cluster-network-ys0q-network",
            "project": "fast-planet-243821",
            "routing_mode": "REGIONAL",
            "self_link": "https://www.googleapis.com/compute/v1/projects/fast-planet-243821/global/networks/example-private-cluster-network-ys0q-network",
            "timeouts": null
          },
          "private": "eyJlMmJmYjczMC1lY2FhLTExZTYtOGY4OC0zNDM2M2JjN2M0YzAiOnsiY3JlYXRlIjoyNDAwMDAwMDAwMDAsImRlbGV0ZSI6MjQwMDAwMDAwMDAwLCJ1cGRhdGUiOjI0MDAwMDAwMDAwMH19",
          "dependencies": [
            "random_string.suffix"
          ]
        }
      ]
    },
    {
      "module": "module.vpc_network",
      "mode": "managed",
      "type": "google_compute_router",
      "name": "vpc_router",
      "provider": "provider.google",
      "instances": [
        {
          "schema_version": 0,
          "attributes": {
            "bgp": [],
            "creation_timestamp": "2020-06-21T09:30:18.305-07:00",
            "description": "",
            "id": "europe-west2/example-private-cluster-network-ys0q-router",
            "name": "example-private-cluster-network-ys0q-router",
            "network": "https://www.googleapis.com/compute/v1/projects/fast-planet-243821/global/networks/example-private-cluster-network-ys0q-network",
            "project": "fast-planet-243821",
            "region": "europe-west2",
            "self_link": "https://www.googleapis.com/compute/v1/projects/fast-planet-243821/regions/europe-west2/routers/example-private-cluster-network-ys0q-router",
            "timeouts": null
          },
          "private": "eyJlMmJmYjczMC1lY2FhLTExZTYtOGY4OC0zNDM2M2JjN2M0YzAiOnsiY3JlYXRlIjoyNDAwMDAwMDAwMDAsImRlbGV0ZSI6MjQwMDAwMDAwMDAwLCJ1cGRhdGUiOjI0MDAwMDAwMDAwMH19",
          "dependencies": [
            "module.vpc_network.google_compute_network.vpc",
            "random_string.suffix"
          ]
        }
      ]
    },
    {
      "module": "module.vpc_network",
      "mode": "managed",
      "type": "google_compute_router_nat",
      "name": "vpc_nat",
      "provider": "provider.google",
      "instances": [
        {
          "schema_version": 0,
          "attributes": {
            "icmp_idle_timeout_sec": 0,
            "id": "europe-west2/example-private-cluster-network-ys0q-router/example-private-cluster-network-ys0q-nat",
            "log_config": [],
            "min_ports_per_vm": 0,
            "name": "example-private-cluster-network-ys0q-nat",
            "nat_ip_allocate_option": "AUTO_ONLY",
            "nat_ips": [],
            "project": "fast-planet-243821",
            "region": "europe-west2",
            "router": "example-private-cluster-network-ys0q-router",
            "source_subnetwork_ip_ranges_to_nat": "LIST_OF_SUBNETWORKS",
            "subnetwork": [
              {
                "name": "https://www.googleapis.com/compute/v1/projects/fast-planet-243821/regions/europe-west2/subnetworks/example-private-cluster-network-ys0q-subnetwork-public",
                "secondary_ip_range_names": [],
                "source_ip_ranges_to_nat": [
                  "ALL_IP_RANGES"
                ]
              }
            ],
            "tcp_established_idle_timeout_sec": 0,
            "tcp_transitory_idle_timeout_sec": 0,
            "timeouts": null,
            "udp_idle_timeout_sec": 0
          },
          "private": "eyJlMmJmYjczMC1lY2FhLTExZTYtOGY4OC0zNDM2M2JjN2M0YzAiOnsiY3JlYXRlIjo2MDAwMDAwMDAwMDAsImRlbGV0ZSI6NjAwMDAwMDAwMDAwfX0=",
          "dependencies": [
            "module.vpc_network.google_compute_network.vpc",
            "module.vpc_network.google_compute_router.vpc_router",
            "module.vpc_network.google_compute_subnetwork.vpc_subnetwork_public",
            "random_string.suffix"
          ]
        }
      ]
    },
    {
      "module": "module.vpc_network",
      "mode": "managed",
      "type": "google_compute_subnetwork",
      "name": "vpc_subnetwork_private",
      "provider": "provider.google",
      "instances": [
        {
          "schema_version": 0,
          "attributes": {
            "creation_timestamp": "2020-06-21T09:30:18.474-07:00",
            "description": "",
            "enable_flow_logs": true,
            "fingerprint": "fDrKdX-XzYE=",
            "gateway_address": "10.3.16.1",
            "id": "europe-west2/example-private-cluster-network-ys0q-subnetwork-private",
            "ip_cidr_range": "10.3.16.0/20",
            "name": "example-private-cluster-network-ys0q-subnetwork-private",
            "network": "https://www.googleapis.com/compute/v1/projects/fast-planet-243821/global/networks/example-private-cluster-network-ys0q-network",
            "private_ip_google_access": true,
            "project": "fast-planet-243821",
            "region": "europe-west2",
            "secondary_ip_range": [
              {
                "ip_cidr_range": "10.4.16.0/20",
                "range_name": "private-services"
              }
            ],
            "self_link": "https://www.googleapis.com/compute/v1/projects/fast-planet-243821/regions/europe-west2/subnetworks/example-private-cluster-network-ys0q-subnetwork-private",
            "timeouts": null
          },
          "private": "eyJlMmJmYjczMC1lY2FhLTExZTYtOGY4OC0zNDM2M2JjN2M0YzAiOnsiY3JlYXRlIjozNjAwMDAwMDAwMDAsImRlbGV0ZSI6MzYwMDAwMDAwMDAwLCJ1cGRhdGUiOjM2MDAwMDAwMDAwMH19",
          "dependencies": [
            "module.vpc_network.google_compute_network.vpc",
            "random_string.suffix"
          ]
        }
      ]
    },
    {
      "module": "module.vpc_network",
      "mode": "managed",
      "type": "google_compute_subnetwork",
      "name": "vpc_subnetwork_public",
      "provider": "provider.google",
      "instances": [
        {
          "schema_version": 0,
          "attributes": {
            "creation_timestamp": "2020-06-21T09:30:18.851-07:00",
            "description": "",
            "enable_flow_logs": true,
            "fingerprint": "n3mZaoQI6EA=",
            "gateway_address": "10.3.0.1",
            "id": "europe-west2/example-private-cluster-network-ys0q-subnetwork-public",
            "ip_cidr_range": "10.3.0.0/20",
            "name": "example-private-cluster-network-ys0q-subnetwork-public",
            "network": "https://www.googleapis.com/compute/v1/projects/fast-planet-243821/global/networks/example-private-cluster-network-ys0q-network",
            "private_ip_google_access": true,
            "project": "fast-planet-243821",
            "region": "europe-west2",
            "secondary_ip_range": [
              {
                "ip_cidr_range": "10.4.0.0/20",
                "range_name": "public-services"
              }
            ],
            "self_link": "https://www.googleapis.com/compute/v1/projects/fast-planet-243821/regions/europe-west2/subnetworks/example-private-cluster-network-ys0q-subnetwork-public",
            "timeouts": null
          },
          "private": "eyJlMmJmYjczMC1lY2FhLTExZTYtOGY4OC0zNDM2M2JjN2M0YzAiOnsiY3JlYXRlIjozNjAwMDAwMDAwMDAsImRlbGV0ZSI6MzYwMDAwMDAwMDAwLCJ1cGRhdGUiOjM2MDAwMDAwMDAwMH19",
          "dependencies": [
            "module.vpc_network.google_compute_network.vpc",
            "random_string.suffix"
          ]
        }
      ]
    },
    {
      "module": "module.gke_cluster",
      "mode": "managed",
      "type": "google_container_cluster",
      "name": "cluster",
      "provider": "provider.google-beta",
      "instances": [
        {
          "schema_version": 1,
          "attributes": {
            "additional_zones": [
              "europe-west2-a",
              "europe-west2-b",
              "europe-west2-c"
            ],
            "addons_config": [
              {
                "cloudrun_config": [],
                "horizontal_pod_autoscaling": [
                  {
                    "disabled": false
                  }
                ],
                "http_load_balancing": [
                  {
                    "disabled": false
                  }
                ],
                "istio_config": [],
                "kubernetes_dashboard": [
                  {
                    "disabled": true
                  }
                ],
                "network_policy_config": [
                  {
                    "disabled": false
                  }
                ]
              }
            ],
            "authenticator_groups_config": [],
            "cluster_autoscaling": [
              {
                "enabled": false,
                "resource_limits": []
              }
            ],
            "cluster_ipv4_cidr": "10.4.0.0/20",
            "database_encryption": [
              {
                "key_name": "",
                "state": "DECRYPTED"
              }
            ],
            "default_max_pods_per_node": 110,
            "description": "",
            "enable_binary_authorization": false,
            "enable_intranode_visibility": false,
            "enable_kubernetes_alpha": false,
            "enable_legacy_abac": false,
            "enable_tpu": false,
            "endpoint": "35.189.75.132",
            "id": "example-private-cluster",
            "initial_node_count": 1,
            "instance_group_urls": [],
            "ip_allocation_policy": [
              {
                "cluster_ipv4_cidr_block": "10.4.0.0/20",
                "cluster_secondary_range_name": "public-services",
                "create_subnetwork": false,
                "node_ipv4_cidr_block": "10.3.0.0/20",
                "services_ipv4_cidr_block": "10.4.0.0/20",
                "services_secondary_range_name": "public-services",
                "subnetwork_name": "",
                "use_ip_aliases": true
              }
            ],
            "location": "europe-west2",
            "logging_service": "logging.googleapis.com/kubernetes",
            "maintenance_policy": [
              {
                "daily_maintenance_window": [
                  {
                    "duration": "PT4H0M0S",
                    "start_time": "05:00"
                  }
                ]
              }
            ],
            "master_auth": [
              {
                "client_certificate": "",
                "client_certificate_config": [
                  {
                    "issue_client_certificate": false
                  }
                ],
                "client_key": "",
                "cluster_ca_certificate": "LS0tLS1CRUdJTiBDRVJUSUZJQ0FURS0tLS0tCk1JSURERENDQWZTZ0F3SUJBZ0lSQU5rSnk3LzNaNGM0Y0pwSHo3NmtGZDh3RFFZSktvWklodmNOQVFFTEJRQXcKTHpFdE1Dc0dBMVVFQXhNa01UTm1NVGcyTURrdFlqUTFNUzAwWkRCaExXRTNOREF0TW1Vd05HVTJNalptTlRGbApNQjRYRFRJd01EWXlNVEUxTXpnME9Wb1hEVEkxTURZeU1ERTJNemcwT1Zvd0x6RXRNQ3NHQTFVRUF4TWtNVE5tCk1UZzJNRGt0WWpRMU1TMDBaREJoTFdFM05EQXRNbVV3TkdVMk1qWm1OVEZsTUlJQklqQU5CZ2txaGtpRzl3MEIKQVFFRkFBT0NBUThBTUlJQkNnS0NBUUVBc3dCbzdoOEd2QkR6UHMzUnVMWVhaajAzZlljNGNTcTM3Z1pPbXBlVApMN3E5dkF5K2R0d0xPRWRlOU5Hci9ubjg1T0VrNmpIZjJxVWZVajBXNmNySVdQUmpPR1FDMEdWYUJHTE1Zc2pHCkc0bm82UmZUdmFhU0IwcTdTbEZiY0FhblZaYzFyR3E3c2cxYW5STVRlaGNpRmw0UDd4M1duZVhzR0VoMFBXcjAKSDREd2oyZlJWR1llZnpNcnlmNzdqVmhHd0hTMXk5by9kL3ZpMHpDaWQrTURUWjI4RzRxRVgvdnhiQ1RSYlhNdQoxNC9NbGZqL0o5a0RVNnZLUFBTRDNndlFRZGRHTExOTUEyUHd0dENPak92TjV2MUxSSXpUSG9lYVg2NzZTYXQ2ClAxZlEzOFlpOTcvRVY5NFRFN29Vc1VHNDJrWTRJazdUdEladmpORTRTNmVYTXdJREFRQUJveU13SVRBT0JnTlYKSFE4QkFmOEVCQU1DQWdRd0R3WURWUjBUQVFIL0JBVXdBd0VCL3pBTkJna3Foa2lHOXcwQkFRc0ZBQU9DQVFFQQplSWlNZWlqUzZnR2E1MzhiRTNzOFl6TERZUXlnS1JKb2dMTzcycENqVm90V1RrWjFrYTUvblNoWmJ1bkNFUVVFCkVFeUFxU2UvOTFwaVZ6b0ZHRmNBb3NXTFh2ZngrSm11Vi9KaWdXSmE5ckF4amdtUlpIMC9TbjY5OXdENjdtMmEKNVFtR1pwckhYZ2FhQkdMZjZ5VEVqTjlCM2RjY3IzWTdTOWlFbmlEL25FVVBxNjNyWkNQWVVpb3VuWWZUUzh1egozR2NYcmtkK3FXVGlEQ1BxWmpvdXFHekp5QW9KUlhVOVBRN1VhL2VmZmVsdm9EeEMvRFZ3dlRXb1R3ZVNidUtZCndRUjJ4Y285VWZZWk5JSXE5ZEZlUW51cGZ3OC9tNEZqR1dSNmtRVGI1K0c2N0xvYldyYzdrVnJDd1kwQnlObG4KZ2prQzgwSzRoT1VGVzJhRGxJWitYQT09Ci0tLS0tRU5EIENFUlRJRklDQVRFLS0tLS0K",
                "password": "",
                "username": ""
              }
            ],
            "master_authorized_networks_config": [
              {
                "cidr_blocks": [
                  {
                    "cidr_block": "0.0.0.0/0",
                    "display_name": "all-for-testing"
                  }
                ]
              }
            ],
            "master_version": "1.16.9-gke.6",
            "min_master_version": "1.16.9-gke.6",
            "monitoring_service": "monitoring.googleapis.com/kubernetes",
            "name": "example-private-cluster",
            "network": "projects/fast-planet-243821/global/networks/example-private-cluster-network-ys0q-network",
            "network_policy": [
              {
                "enabled": true,
                "provider": "CALICO"
              }
            ],
            "node_config": [],
            "node_locations": [
              "europe-west2-a",
              "europe-west2-b",
              "europe-west2-c"
            ],
            "node_pool": [],
            "node_version": "1.16.9-gke.6",
            "pod_security_policy_config": [],
            "private_cluster_config": [
              {
                "enable_private_endpoint": false,
                "enable_private_nodes": true,
                "master_ipv4_cidr_block": "10.5.0.0/28",
                "private_endpoint": "10.5.0.2",
                "public_endpoint": "35.189.75.132"
              }
            ],
            "project": "fast-planet-243821",
            "region": "europe-west2",
            "remove_default_node_pool": true,
            "resource_labels": null,
            "services_ipv4_cidr": "10.4.0.0/20",
            "subnetwork": "projects/fast-planet-243821/regions/europe-west2/subnetworks/example-private-cluster-network-ys0q-subnetwork-public",
            "timeouts": null,
            "tpu_ipv4_cidr_block": "",
            "vertical_pod_autoscaling": [],
            "workload_identity_config": [],
            "zone": null
          },
          "private": "eyJlMmJmYjczMC1lY2FhLTExZTYtOGY4OC0zNDM2M2JjN2M0YzAiOnsiY3JlYXRlIjoxODAwMDAwMDAwMDAwLCJkZWxldGUiOjE4MDAwMDAwMDAwMDAsInVwZGF0ZSI6MzYwMDAwMDAwMDAwMH0sInNjaGVtYV92ZXJzaW9uIjoiMSJ9",
          "dependencies": [
            "module.vpc_network.google_compute_network.vpc",
            "module.vpc_network.google_compute_subnetwork.vpc_subnetwork_public"
          ]
        }
      ]
    },
    {
      "mode": "managed",
      "type": "google_container_node_pool",
      "name": "node_pool",
      "provider": "provider.google-beta",
      "instances": [
        {
          "schema_version": 1,
          "attributes": {
            "autoscaling": [
              {
                "max_node_count": 5,
                "min_node_count": 1
              }
            ],
            "cluster": "example-private-cluster",
            "id": "europe-west2/example-private-cluster/private-pool",
            "initial_node_count": 1,
            "instance_group_urls": [
              "https://www.googleapis.com/compute/v1/projects/fast-planet-243821/zones/europe-west2-c/instanceGroupManagers/gke-example-private-clus-private-pool-c1c801f1-grp",
              "https://www.googleapis.com/compute/v1/projects/fast-planet-243821/zones/europe-west2-b/instanceGroupManagers/gke-example-private-clus-private-pool-49670bf6-grp",
              "https://www.googleapis.com/compute/v1/projects/fast-planet-243821/zones/europe-west2-a/instanceGroupManagers/gke-example-private-clus-private-pool-76f39b49-grp"
            ],
            "location": "europe-west2",
            "management": [
              {
                "auto_repair": true,
                "auto_upgrade": true
              }
            ],
            "max_pods_per_node": 110,
            "name": "private-pool",
            "name_prefix": "",
            "node_config": [
              {
                "disk_size_gb": 30,
                "disk_type": "pd-standard",
                "guest_accelerator": [],
                "image_type": "COS",
                "labels": {
                  "private-pools-example": "true"
                },
                "local_ssd_count": 0,
                "machine_type": "n1-standard-1",
                "metadata": {
                  "disable-legacy-endpoints": "true"
                },
                "min_cpu_platform": "",
                "oauth_scopes": [
                  "https://www.googleapis.com/auth/cloud-platform"
                ],
                "preemptible": false,
                "service_account": "example-private-cluster-sa@fast-planet-243821.iam.gserviceaccount.com",
                "tags": [
                  "private",
                  "private-pool-example"
                ],
                "taint": [],
                "workload_metadata_config": []
              }
            ],
            "node_count": 1,
            "project": "fast-planet-243821",
            "region": "europe-west2",
            "timeouts": {
              "create": "30m",
              "delete": "30m",
              "update": "30m"
            },
            "version": "1.16.9-gke.6",
            "zone": null
          },
          "private": "eyJlMmJmYjczMC1lY2FhLTExZTYtOGY4OC0zNDM2M2JjN2M0YzAiOnsiY3JlYXRlIjoxODAwMDAwMDAwMDAwLCJkZWxldGUiOjE4MDAwMDAwMDAwMDAsInVwZGF0ZSI6MTgwMDAwMDAwMDAwMH0sInNjaGVtYV92ZXJzaW9uIjoiMSJ9",
          "dependencies": [
            "module.gke_cluster.google_container_cluster.cluster",
            "module.gke_service_account.google_service_account.service_account",
            "module.vpc_network.google_compute_network.vpc",
            "module.vpc_network.google_compute_subnetwork.vpc_subnetwork_public"
          ]
        }
      ]
    },
    {
      "module": "module.gke_service_account",
      "mode": "managed",
      "type": "google_project_iam_member",
      "name": "service_account-roles",
      "each": "map",
      "provider": "provider.google",
      "instances": [
        {
          "index_key": "roles/logging.logWriter",
          "schema_version": 0,
          "attributes": {
            "etag": "BwWomsBR2Zs=",
            "id": "fast-planet-243821/roles/logging.logWriter/serviceAccount:example-private-cluster-sa@fast-planet-243821.iam.gserviceaccount.com",
            "member": "serviceAccount:example-private-cluster-sa@fast-planet-243821.iam.gserviceaccount.com",
            "project": "fast-planet-243821",
            "role": "roles/logging.logWriter"
          },
          "private": "bnVsbA==",
          "dependencies": [
            "module.gke_service_account.google_service_account.service_account"
          ]
        },
        {
          "index_key": "roles/monitoring.metricWriter",
          "schema_version": 0,
          "attributes": {
            "etag": "BwWomsBR2Zs=",
            "id": "fast-planet-243821/roles/monitoring.metricWriter/serviceAccount:example-private-cluster-sa@fast-planet-243821.iam.gserviceaccount.com",
            "member": "serviceAccount:example-private-cluster-sa@fast-planet-243821.iam.gserviceaccount.com",
            "project": "fast-planet-243821",
            "role": "roles/monitoring.metricWriter"
          },
          "private": "bnVsbA==",
          "dependencies": [
            "module.gke_service_account.google_service_account.service_account"
          ]
        },
        {
          "index_key": "roles/monitoring.viewer",
          "schema_version": 0,
          "attributes": {
            "etag": "BwWomsBR2Zs=",
            "id": "fast-planet-243821/roles/monitoring.viewer/serviceAccount:example-private-cluster-sa@fast-planet-243821.iam.gserviceaccount.com",
            "member": "serviceAccount:example-private-cluster-sa@fast-planet-243821.iam.gserviceaccount.com",
            "project": "fast-planet-243821",
            "role": "roles/monitoring.viewer"
          },
          "private": "bnVsbA==",
          "dependencies": [
            "module.gke_service_account.google_service_account.service_account"
          ]
        },
        {
          "index_key": "roles/stackdriver.resourceMetadata.writer",
          "schema_version": 0,
          "attributes": {
            "etag": "BwWomsBR2Zs=",
            "id": "fast-planet-243821/roles/stackdriver.resourceMetadata.writer/serviceAccount:example-private-cluster-sa@fast-planet-243821.iam.gserviceaccount.com",
            "member": "serviceAccount:example-private-cluster-sa@fast-planet-243821.iam.gserviceaccount.com",
            "project": "fast-planet-243821",
            "role": "roles/stackdriver.resourceMetadata.writer"
          },
          "private": "bnVsbA==",
          "dependencies": [
            "module.gke_service_account.google_service_account.service_account"
          ]
        }
      ]
    },
    {
      "module": "module.gke_service_account",
      "mode": "managed",
      "type": "google_service_account",
      "name": "service_account",
      "provider": "provider.google",
      "instances": [
        {
          "schema_version": 0,
          "attributes": {
            "account_id": "example-private-cluster-sa",
            "display_name": "Example GKE Cluster Service Account managed by Terraform",
            "email": "example-private-cluster-sa@fast-planet-243821.iam.gserviceaccount.com",
            "id": "projects/fast-planet-243821/serviceAccounts/example-private-cluster-sa@fast-planet-243821.iam.gserviceaccount.com",
            "name": "projects/fast-planet-243821/serviceAccounts/example-private-cluster-sa@fast-planet-243821.iam.gserviceaccount.com",
            "policy_data": null,
            "project": "fast-planet-243821",
            "unique_id": "117794488791540887139"
          },
          "private": "bnVsbA=="
        }
      ]
    },
    {
      "mode": "managed",
      "type": "google_storage_bucket_iam_member",
      "name": "member",
      "provider": "provider.google",
      "instances": [
        {
          "schema_version": 0,
          "attributes": {
            "bucket": "artifacts.fast-planet-243821.appspot.com",
            "etag": "CAI=",
            "id": "artifacts.fast-planet-243821.appspot.com/roles/storage.objectViewer/serviceAccount:example-private-cluster-sa@fast-planet-243821.iam.gserviceaccount.com",
            "member": "serviceAccount:example-private-cluster-sa@fast-planet-243821.iam.gserviceaccount.com",
            "role": "roles/storage.objectViewer"
          },
          "private": "bnVsbA==",
          "dependencies": [
            "module.gke_service_account.google_service_account.service_account"
          ]
        }
      ]
    },
    {
      "mode": "managed",
      "type": "random_string",
      "name": "suffix",
      "provider": "provider.random",
      "instances": [
        {
          "schema_version": 1,
          "attributes": {
            "id": "ys0q",
            "keepers": null,
            "length": 4,
            "lower": true,
            "min_lower": 0,
            "min_numeric": 0,
            "min_special": 0,
            "min_upper": 0,
            "number": true,
            "override_special": null,
            "result": "ys0q",
            "special": false,
            "upper": false
          },
          "private": "eyJzY2hlbWFfdmVyc2lvbiI6IjEifQ=="
        }
      ]
    }
  ]
}
