{
  "version": 4,
  "terraform_version": "1.0.7",
  "serial": 6,
  "lineage": "c309b30c-9b64-df9b-860b-4bbdb7a2b3c1",
  "outputs": {},
  "resources": [
    {
      "mode": "managed",
      "type": "google_project_iam_member",
      "name": "workload_identity-role",
      "provider": "provider[\"registry.terraform.io/hashicorp/google\"]",
      "instances": [
        {
          "schema_version": 0,
          "attributes": {
            "condition": [],
            "etag": "BwXNrfjNKH0=",
            "id": "cap-dev-sandbox-bb7d/roles/iam.workloadIdentityUser/serviceAccount:cap-dev-sandbox-bb7d.svc.id.goog[jenkins/test-ruban-sa]",
            "member": "serviceAccount:cap-dev-sandbox-bb7d.svc.id.goog[jenkins/test-ruban-sa]",
            "project": "cap-dev-sandbox-bb7d",
            "role": "roles/iam.workloadIdentityUser"
          },
          "sensitive_attributes": [],
          "private": "bnVsbA=="
        }
      ]
    }
  ]
}
